
Microsoft Visual Studio Solution File, Format Version 12.00
# Visual Studio Version 16
VisualStudioVersion = 16.0.31005.135
MinimumVisualStudioVersion = 10.0.40219.1
Project("{FAE04EC0-301F-11D3-BF4B-00C04F79EFBC}") = "Backend4", "Backend4\Backend4.csproj", "{793E075A-0130-4572-8A70-C6436C681725}"
EndProject
Global
	GlobalSection(SolutionConfigurationPlatforms) = preSolution
		Debug|Any CPU = Debug|Any CPU
		Release|Any CPU = Release|Any CPU
	EndGlobalSection
	GlobalSection(ProjectConfigurationPlatforms) = postSolution
		{793E075A-0130-4572-8A70-C6436C681725}.Debug|Any CPU.ActiveCfg = Debug|Any CPU
		{793E075A-0130-4572-8A70-C6436C681725}.Debug|Any CPU.Build.0 = Debug|Any CPU
		{793E075A-0130-4572-8A70-C6436C681725}.Release|Any CPU.ActiveCfg = Release|Any CPU
		{793E075A-0130-4572-8A70-C6436C681725}.Release|Any CPU.Build.0 = Release|Any CPU
	EndGlobalSection
	GlobalSection(SolutionProperties) = preSolution
		HideSolutionNode = FALSE
	EndGlobalSection
	GlobalSection(ExtensibilityGlobals) = postSolution
		SolutionGuid = {0FA0930D-875D-4267-8F33-D37B46BF7388}
	EndGlobalSection
EndGlobal
